
Microsoft Visual Studio Solution File, Format Version 12.00
# Visual Studio Version 16
VisualStudioVersion = 16.0.30621.155
MinimumVisualStudioVersion = 10.0.40219.1
Project("{FAE04EC0-301F-11D3-BF4B-00C04F79EFBC}") = "FoodWatch.WebMVC", "FoodWatch.WebMVC\FoodWatch.WebMVC.csproj", "{3254FFAD-D02B-4F17-9CB4-56A4E9568520}"
EndProject
Project("{FAE04EC0-301F-11D3-BF4B-00C04F79EFBC}") = "FoodWatch.Data", "FoodWatch.Data\FoodWatch.Data.csproj", "{D712B2A2-261D-4A73-BD13-2AFE1D7E99A7}"
EndProject
Project("{FAE04EC0-301F-11D3-BF4B-00C04F79EFBC}") = "FoodWatch.Models", "FoodWatch.Models\FoodWatch.Models.csproj", "{2773BE91-D3B7-461D-92E9-1FA4DF72880D}"
EndProject
Project("{FAE04EC0-301F-11D3-BF4B-00C04F79EFBC}") = "FoodWatch.Services", "FoodWatch.Services\FoodWatch.Services.csproj", "{0132F1E9-E705-4CB8-B3E1-FB73BD52C8C7}"
EndProject
Global
	GlobalSection(SolutionConfigurationPlatforms) = preSolution
		Debug|Any CPU = Debug|Any CPU
		Release|Any CPU = Release|Any CPU
	EndGlobalSection
	GlobalSection(ProjectConfigurationPlatforms) = postSolution
		{3254FFAD-D02B-4F17-9CB4-56A4E9568520}.Debug|Any CPU.ActiveCfg = Debug|Any CPU
		{3254FFAD-D02B-4F17-9CB4-56A4E9568520}.Debug|Any CPU.Build.0 = Debug|Any CPU
		{3254FFAD-D02B-4F17-9CB4-56A4E9568520}.Release|Any CPU.ActiveCfg = Release|Any CPU
		{3254FFAD-D02B-4F17-9CB4-56A4E9568520}.Release|Any CPU.Build.0 = Release|Any CPU
		{D712B2A2-261D-4A73-BD13-2AFE1D7E99A7}.Debug|Any CPU.ActiveCfg = Debug|Any CPU
		{D712B2A2-261D-4A73-BD13-2AFE1D7E99A7}.Debug|Any CPU.Build.0 = Debug|Any CPU
		{D712B2A2-261D-4A73-BD13-2AFE1D7E99A7}.Release|Any CPU.ActiveCfg = Release|Any CPU
		{D712B2A2-261D-4A73-BD13-2AFE1D7E99A7}.Release|Any CPU.Build.0 = Release|Any CPU
		{2773BE91-D3B7-461D-92E9-1FA4DF72880D}.Debug|Any CPU.ActiveCfg = Debug|Any CPU
		{2773BE91-D3B7-461D-92E9-1FA4DF72880D}.Debug|Any CPU.Build.0 = Debug|Any CPU
		{2773BE91-D3B7-461D-92E9-1FA4DF72880D}.Release|Any CPU.ActiveCfg = Release|Any CPU
		{2773BE91-D3B7-461D-92E9-1FA4DF72880D}.Release|Any CPU.Build.0 = Release|Any CPU
		{0132F1E9-E705-4CB8-B3E1-FB73BD52C8C7}.Debug|Any CPU.ActiveCfg = Debug|Any CPU
		{0132F1E9-E705-4CB8-B3E1-FB73BD52C8C7}.Debug|Any CPU.Build.0 = Debug|Any CPU
		{0132F1E9-E705-4CB8-B3E1-FB73BD52C8C7}.Release|Any CPU.ActiveCfg = Release|Any CPU
		{0132F1E9-E705-4CB8-B3E1-FB73BD52C8C7}.Release|Any CPU.Build.0 = Release|Any CPU
	EndGlobalSection
	GlobalSection(SolutionProperties) = preSolution
		HideSolutionNode = FALSE
	EndGlobalSection
	GlobalSection(ExtensibilityGlobals) = postSolution
		SolutionGuid = {2C261FAE-C33D-406C-90AB-48DE7043CD7C}
	EndGlobalSection
EndGlobal
